lockfileVersion: '9.0'

settings:
  autoInstallPeers: true
  excludeLinksFromLockfile: false

importers:

  .:
    dependencies:
      '@radix-ui/react-collapsible':
        specifier: ^1.1.14
        version: 1.1.14(react-dom@19.2.7(react@19.2.7))(react@19.2.7)
      '@radix-ui/react-dialog':
        specifier: ^1.1.17
        version: 1.1.17(react-dom@19.2.7(react@19.2.7))(react@19.2.7)
      '@radix-ui/react-dropdown-menu':
        specifier: ^2.1.18
        version: 2.1.18(react-dom@19.2.7(react@19.2.7))(react@19.2.7)
      '@radix-ui/react-label':
        specifier: ^2.1.10
        version: 2.1.10(react-dom@19.2.7(react@19.2.7))(react@19.2.7)
      '@radix-ui/react-popover':
        specifier: ^1.1.17
        version: 1.1.17(react-dom@19.2.7(react@19.2.7))(react@19.2.7)
      '@radix-ui/react-scroll-area':
        specifier: ^1.2.12
        version: 1.2.12(react-dom@19.2.7(react@19.2.7))(react@19.2.7)
      '@radix-ui/react-select':
        specifier: ^2.3.1
        version: 2.3.1(react-dom@19.2.7(react@19.2.7))(react@19.2.7)
      '@radix-ui/react-separator':
        specifier: ^1.1.10
        version: 1.1.10(react-dom@19.2.7(react@19.2.7))(react@19.2.7)
      '@radix-ui/react-slot':
        specifier: ^1.3.0
        version: 1.3.0(react@19.2.7)
      '@radix-ui/react-switch':
        specifier: ^1.3.1
        version: 1.3.1(react-dom@19.2.7(react@19.2.7))(react@19.2.7)
      '@radix-ui/react-tabs':
        specifier: ^1.1.15
        version: 1.1.15(react-dom@19.2.7(react@19.2.7))(react@19.2.7)
      '@radix-ui/react-toast':
        specifier: ^1.2.17
        version: 1.2.17(react-dom@19.2.7(react@19.2.7))(react@19.2.7)
      class-variance-authority:
        specifier: ^0.7.1
        version: 0.7.1
      clsx:
        specifier: ^2.1.1
        version: 2.1.1
      lucide-react:
        specifier: ^1.20.0
        version: 1.20.0(react@19.2.7)
      tailwind-merge:
        specifier: ^3.6.0
        version: 3.6.0

packages:

  '@floating-ui/core@1.7.5':
    resolution: {integrity: sha512-1Ih4WTWyw0+lKyFMcBHGbb5U5FtuHJuujoyyr5zTaWS5EYMeT6Jb2AuDeftsCsEuchO+mM2ij5+q9crhydzLhQ==}

  '@floating-ui/dom@1.7.6':
    resolution: {integrity: sha512-9gZSAI5XM36880PPMm//9dfiEngYoC6Am2izES1FF406YFsjvyBMmeJ2g4SAju3xWwtuynNRFL2s9hgxpLI5SQ==}

  '@floating-ui/react-dom@2.1.8':
    resolution: {integrity: sha512-cC52bHwM/n/CxS87FH0yWdngEZrjdtLW/qVruo68qg+prK7ZQ4YGdut2GyDVpoGeAYe/h899rVeOVm6Oi40k2A==}
    peerDependencies:
      react: '>=16.8.0'
      react-dom: '>=16.8.0'

  '@floating-ui/utils@0.2.11':
    resolution: {integrity: sha512-RiB/yIh78pcIxl6lLMG0CgBXAZ2Y0eVHqMPYugu+9U0AeT6YBeiJpf7lbdJNIugFP5SIjwNRgo4DhR1Qxi26Gg==}

  '@radix-ui/number@1.1.2':
    resolution: {integrity: sha512-ceTwaxc4I5IOi97DgCotl3pqiyRGvffcc0oOsE2dQYaJOFIDsDt4VWG6xEbg1QePv9QWausCEIppud/tJ1wNig==}

  '@radix-ui/primitive@1.1.4':
    resolution: {integrity: sha512-7AdCK9PQyiljKoBDbN8OuctCbd/esdwZPQ8RtOE3SsyQtUpiPb+ND75q0jEhC1m1ecBI0MFNeLJvwIh9iKHRcQ==}

  '@radix-ui/react-arrow@1.1.10':
    resolution: {integrity: sha512-j2VTDz1vgCsmuG0k5lBfOcM8n5JPFqZBcMryasFjHYMhwxYL5SRUV5lMSUpRdNtw3D/Sv8pzJtrlAgkssYSsQQ==}
    peerDependencies:
      '@types/react': '*'
      '@types/react-dom': '*'
      react: ^16.8 || ^17.0 || ^18.0 || ^19.0 || ^19.0.0-rc
      react-dom: ^16.8 || ^17.0 || ^18.0 || ^19.0 || ^19.0.0-rc
    peerDependenciesMeta:
      '@types/react':
        optional: true
      '@types/react-dom':
        optional: true

  '@radix-ui/react-collapsible@1.1.14':
    resolution: {integrity: sha512-9bT+FvifX1FK2Mj6UEsTdyu0cN3JaA3KdfhaBao+ONrYFy/pyOy3TU1TNw7iOk1o+0hOEq67RojlUUmoFGwxyA==}
    peerDependencies:
      '@types/react': '*'
      '@types/react-dom': '*'
      react: ^16.8 || ^17.0 || ^18.0 || ^19.0 || ^19.0.0-rc
      react-dom: ^16.8 || ^17.0 || ^18.0 || ^19.0 || ^19.0.0-rc
    peerDependenciesMeta:
      '@types/react':
        optional: true
      '@types/react-dom':
        optional: true

  '@radix-ui/react-collection@1.1.10':
    resolution: {integrity: sha512-IVVz4EvBcKjrzKgof714qDnz/SzQAkLA2Emh5edlHbgcE6fNd3Un6CJLlaYcnm8N4JmAtzQgse4dOKxcD2yc9g==}
    peerDependencies:
      '@types/react': '*'
      '@types/react-dom': '*'
      react: ^16.8 || ^17.0 || ^18.0 || ^19.0 || ^19.0.0-rc
      react-dom: ^16.8 || ^17.0 || ^18.0 || ^19.0 || ^19.0.0-rc
    peerDependenciesMeta:
      '@types/react':
        optional: true
      '@types/react-dom':
        optional: true

  '@radix-ui/react-compose-refs@1.1.3':
    resolution: {integrity: sha512-rYOP8OMnuuPMQF1uhPVlGNcCDlkokKqGFE3JcxFViIkAXP7EvFWUliJAstrapypaBLJNHbZL6jGhbVDGTwmVhA==}
    peerDependencies:
      '@types/react': '*'
      react: ^16.8 || ^17.0 || ^18.0 || ^19.0 || ^19.0.0-rc
    peerDependenciesMeta:
      '@types/react':
        optional: true

  '@radix-ui/react-context@1.1.4':
    resolution: {integrity: sha512-QwH4PO5urrbO+FaGd5Aglg+YJgWTyyuZ3g/6mKvsqraLkglDdckw9JafgL5McL5VEJ6EPNduPaT3ZE9BttDAqg==}
    peerDependencies:
      '@types/react': '*'
      react: ^16.8 || ^17.0 || ^18.0 || ^19.0 || ^19.0.0-rc
    peerDependenciesMeta:
      '@types/react':
        optional: true

  '@radix-ui/react-dialog@1.1.17':
    resolution: {integrity: sha512-TDTYmpdq8dI2+Xgvgj9AJ8Ghqq+Eph/TRVEdaFQPDItIY+6QSkU7MJMeevw1568Yw/2Ijz8BTphPSP2XejKphw==}
    peerDependencies:
      '@types/react': '*'
      '@types/react-dom': '*'
      react: ^16.8 || ^17.0 || ^18.0 || ^19.0 || ^19.0.0-rc
      react-dom: ^16.8 || ^17.0 || ^18.0 || ^19.0 || ^19.0.0-rc
    peerDependenciesMeta:
      '@types/react':
        optional: true
      '@types/react-dom':
        optional: true

  '@radix-ui/react-direction@1.1.2':
    resolution: {integrity: sha512-C3vFhbyi4SW3PmbAi6Awpu4OzJtd0MxGurvSsYtr7p7nM8RNB3VAF3CUmnp2j50knpkrRcB7+ycVXzgLgF6yNA==}
    peerDependencies:
      '@types/react': '*'
      react: ^16.8 || ^17.0 || ^18.0 || ^19.0 || ^19.0.0-rc
    peerDependenciesMeta:
      '@types/react':
        optional: true

  '@radix-ui/react-dismissable-layer@1.1.13':
    resolution: {integrity: sha512-2v+zNAWWe0ySxgC0D0yeXMPQ23xZVgXZTerTz+JKlmdRj6gfTqmCcR29jb6d290DezXPGgruHWDX/vYUebtErg==}
    peerDependencies:
      '@types/react': '*'
      '@types/react-dom': '*'
      react: ^16.8 || ^17.0 || ^18.0 || ^19.0 || ^19.0.0-rc
      react-dom: ^16.8 || ^17.0 || ^18.0 || ^19.0 || ^19.0.0-rc
    peerDependenciesMeta:
      '@types/react':
        optional: true
      '@types/react-dom':
        optional: true

  '@radix-ui/react-dropdown-menu@2.1.18':
    resolution: {integrity: sha512-PZGV82gFk0WltDRI//SsG28ZIjlo9ANTmoNYg0jLNzXXiDsAy5PkOOYQaVD1pPxY6t7gxffb1QMD6qaUvsBZdw==}
    peerDependencies:
      '@types/react': '*'
      '@types/react-dom': '*'
      react: ^16.8 || ^17.0 || ^18.0 || ^19.0 || ^19.0.0-rc
      react-dom: ^16.8 || ^17.0 || ^18.0 || ^19.0 || ^19.0.0-rc
    peerDependenciesMeta:
      '@types/react':
        optional: true
      '@types/react-dom':
        optional: true

  '@radix-ui/react-focus-guards@1.1.4':
    resolution: {integrity: sha512-cot/aB/mOm0IYVYTTmQcEEK1M48lZWi8FlYe5nDPQQ8NYZUlXEFgncJ9p2Kzer3RKSrY7cTTpEMLZKNo9QoP5Q==}
    peerDependencies:
      '@types/react': '*'
      react: ^16.8 || ^17.0 || ^18.0 || ^19.0 || ^19.0.0-rc
    peerDependenciesMeta:
      '@types/react':
        optional: true

  '@radix-ui/react-focus-scope@1.1.10':
    resolution: {integrity: sha512-Fas/lXQqhVvqwAb64s5RFeHiHYElZ6SUQbZaNd6EkfhP/Al7wTIQ9WIR4QVX475tlu5yFCEdDcJH6/UwsZjMWw==}
    peerDependencies:
      '@types/react': '*'
      '@types/react-dom': '*'
      react: ^16.8 || ^17.0 || ^18.0 || ^19.0 || ^19.0.0-rc
      react-dom: ^16.8 || ^17.0 || ^18.0 || ^19.0 || ^19.0.0-rc
    peerDependenciesMeta:
      '@types/react':
        optional: true
      '@types/react-dom':
        optional: true

  '@radix-ui/react-id@1.1.2':
    resolution: {integrity: sha512-orBC88futVpqCmhX1p4cvquNHsELQ+w+vBJnuj3ftETI5bJb0bZn3Tqu3SWN2IOcPycTnMGnhwoermvISt72sA==}
    peerDependencies:
      '@types/react': '*'
      react: ^16.8 || ^17.0 || ^18.0 || ^19.0 || ^19.0.0-rc
    peerDependenciesMeta:
      '@types/react':
        optional: true

  '@radix-ui/react-label@2.1.10':
    resolution: {integrity: sha512-ib0zvq2ZsAqKm5tRnqGJn3vOxSgIts5ToxsXT0q1S/GfLD1Zj7UOEnkw8u2w6sRmn47djpQWuSU1DCL1R29/yw==}
    peerDependencies:
      '@types/react': '*'
      '@types/react-dom': '*'
      react: ^16.8 || ^17.0 || ^18.0 || ^19.0 || ^19.0.0-rc
      react-dom: ^16.8 || ^17.0 || ^18.0 || ^19.0 || ^19.0.0-rc
    peerDependenciesMeta:
      '@types/react':
        optional: true
      '@types/react-dom':
        optional: true

  '@radix-ui/react-menu@2.1.18':
    resolution: {integrity: sha512-lj8Rxjtn6zJq1oSbE/uDtAwCbB9BnxgHD+8MwJMuTh6u1dPamYhW9iuELr/Z8d0D/UysFblYYHeBPwi7T4k0YQ==}
    peerDependencies:
      '@types/react': '*'
      '@types/react-dom': '*'
      react: ^16.8 || ^17.0 || ^18.0 || ^19.0 || ^19.0.0-rc
      react-dom: ^16.8 || ^17.0 || ^18.0 || ^19.0 || ^19.0.0-rc
    peerDependenciesMeta:
      '@types/react':
        optional: true
      '@types/react-dom':
        optional: true

  '@radix-ui/react-popover@1.1.17':
    resolution: {integrity: sha512-/YSAOdJ7YJvdn7bn5sdSx2egW+SKY+u7O5RyAVs94Ymrg2fg5QTSFPMRkzvhGyFuE4/qsmPBdrwYoZMZh/4f+g==}
    peerDependencies:
      '@types/react': '*'
      '@types/react-dom': '*'
      react: ^16.8 || ^17.0 || ^18.0 || ^19.0 || ^19.0.0-rc
      react-dom: ^16.8 || ^17.0 || ^18.0 || ^19.0 || ^19.0.0-rc
    peerDependenciesMeta:
      '@types/react':
        optional: true
      '@types/react-dom':
        optional: true

  '@radix-ui/react-popper@1.3.1':
    resolution: {integrity: sha512-bhnq/0DEPTi2lsOD3J5rTL65qUKHbKbhqHsmN9TMiclSXpipi651ooUKPPp6G5lF/WiHBdn1s0Wuqsn+myVAvw==}
    peerDependencies:
      '@types/react': '*'
      '@types/react-dom': '*'
      react: ^16.8 || ^17.0 || ^18.0 || ^19.0 || ^19.0.0-rc
      react-dom: ^16.8 || ^17.0 || ^18.0 || ^19.0 || ^19.0.0-rc
    peerDependenciesMeta:
      '@types/react':
        optional: true
      '@types/react-dom':
        optional: true

  '@radix-ui/react-portal@1.1.12':
    resolution: {integrity: sha512-m309havGzsjLHHaIX50G5PlvRs3xkgPCsGk/5PTvYm8D5q33yG0J7w/712PTOhid7NTaFETtnSXjngHQavvhVw==}
    peerDependencies:
      '@types/react': '*'
      '@types/react-dom': '*'
      react: ^16.8 || ^17.0 || ^18.0 || ^19.0 || ^19.0.0-rc
      react-dom: ^16.8 || ^17.0 || ^18.0 || ^19.0 || ^19.0.0-rc
    peerDependenciesMeta:
      '@types/react':
        optional: true
      '@types/react-dom':
        optional: true

  '@radix-ui/react-presence@1.1.6':
    resolution: {integrity: sha512-zdTk4PlUO0E18HnZ3wYbW0KkJJxWCdiNYp6g6X1PtONFhxVkg01vliTJAmwIszU6mHiyBOoW9P0rAugl5/hULQ==}
    peerDependencies:
      '@types/react': '*'
      '@types/react-dom': '*'
      react: ^16.8 || ^17.0 || ^18.0 || ^19.0 || ^19.0.0-rc
      react-dom: ^16.8 || ^17.0 || ^18.0 || ^19.0 || ^19.0.0-rc
    peerDependenciesMeta:
      '@types/react':
        optional: true
      '@types/react-dom':
        optional: true

  '@radix-ui/react-primitive@2.1.6':
    resolution: {integrity: sha512-wetd0QI77DbvrPpTAvH1SqOxsYF2wZe5TNxqwOd5Ty4XDpV3dpV0s8K/1MGMJBeY5o7lg8ub5VIt1Ub+yVen6g==}
    peerDependencies:
      '@types/react': '*'
      '@types/react-dom': '*'
      react: ^16.8 || ^17.0 || ^18.0 || ^19.0 || ^19.0.0-rc
      react-dom: ^16.8 || ^17.0 || ^18.0 || ^19.0 || ^19.0.0-rc
    peerDependenciesMeta:
      '@types/react':
        optional: true
      '@types/react-dom':
        optional: true

  '@radix-ui/react-roving-focus@1.1.13':
    resolution: {integrity: sha512-9gkwneI0guf8JDmrFxPjJF6Ozzgioyw+/lonYNCwefS9ZHA05er0BVHiXr+LbWGHxUfczvMY6G1oiZZi1VzjRw==}
    peerDependencies:
      '@types/react': '*'
      '@types/react-dom': '*'
      react: ^16.8 || ^17.0 || ^18.0 || ^19.0 || ^19.0.0-rc
      react-dom: ^16.8 || ^17.0 || ^18.0 || ^19.0 || ^19.0.0-rc
    peerDependenciesMeta:
      '@types/react':
        optional: true
      '@types/react-dom':
        optional: true

  '@radix-ui/react-scroll-area@1.2.12':
    resolution: {integrity: sha512-xuafVzQiTCLsyEjakowTdG3OgTXsmO7IdCiO77otIa+z44xoLNs9Do5eg7POFumIOCjtG6djfm6RKUKpUa/csA==}
    peerDependencies:
      '@types/react': '*'
      '@types/react-dom': '*'
      react: ^16.8 || ^17.0 || ^18.0 || ^19.0 || ^19.0.0-rc
      react-dom: ^16.8 || ^17.0 || ^18.0 || ^19.0 || ^19.0.0-rc
    peerDependenciesMeta:
      '@types/react':
        optional: true
      '@types/react-dom':
        optional: true

  '@radix-ui/react-select@2.3.1':
    resolution: {integrity: sha512-w6eDvY78LE9ZUiNnXCA1QVK8RYN7k9galFv09kjVydJqBAgHd7Y9A6h0UJ/6DCZNGZMZrB2ohcSW1Bo9d8+wWA==}
    peerDependencies:
      '@types/react': '*'
      '@types/react-dom': '*'
      react: ^16.8 || ^17.0 || ^18.0 || ^19.0 || ^19.0.0-rc
      react-dom: ^16.8 || ^17.0 || ^18.0 || ^19.0 || ^19.0.0-rc
    peerDependenciesMeta:
      '@types/react':
        optional: true
      '@types/react-dom':
        optional: true

  '@radix-ui/react-separator@1.1.10':
    resolution: {integrity: sha512-Y6K6jLQCVfCnTL2MEtGxDLffkhNfEfHsEg3Wa8JU+IWdn3EWbLXd3OuOfQRN7p/W/cUce1WyTk3QeuAoDBzN9g==}
    peerDependencies:
      '@types/react': '*'
      '@types/react-dom': '*'
      react: ^16.8 || ^17.0 || ^18.0 || ^19.0 || ^19.0.0-rc
      react-dom: ^16.8 || ^17.0 || ^18.0 || ^19.0 || ^19.0.0-rc
    peerDependenciesMeta:
      '@types/react':
        optional: true
      '@types/react-dom':
        optional: true

  '@radix-ui/react-slot@1.3.0':
    resolution: {integrity: sha512-MojKku4U/miO8Av4Dkb+ctMAQx7JmY96LmtDQlAarCRtd7rN52QCSzBF+XAvr5S6coSVj9HEPBgHAHKEJVk/WA==}
    peerDependencies:
      '@types/react': '*'
      react: ^16.8 || ^17.0 || ^18.0 || ^19.0 || ^19.0.0-rc
    peerDependenciesMeta:
      '@types/react':
        optional: true

  '@radix-ui/react-switch@1.3.1':
    resolution: {integrity: sha512-55bQtCnOB0BohomSHi6qvQXpJEEqUGDm6hRrM0Bph5OXwhSegqkd8IqgBAQkM1IlgUlWZIxpxRcpOEfRIgimyw==}
    peerDependencies:
      '@types/react': '*'
      '@types/react-dom': '*'
      react: ^16.8 || ^17.0 || ^18.0 || ^19.0 || ^19.0.0-rc
      react-dom: ^16.8 || ^17.0 || ^18.0 || ^19.0 || ^19.0.0-rc
    peerDependenciesMeta:
      '@types/react':
        optional: true
      '@types/react-dom':
        optional: true

  '@radix-ui/react-tabs@1.1.15':
    resolution: {integrity: sha512-kxc9gI6/HfcU4nfMMVS3AmQK414kbU1IE6UCJmMmxjhO3cRPXOyYnmvyKD+ODt7q56nRq9l7Wovi6uaGwKgMlg==}
    peerDependencies:
      '@types/react': '*'
      '@types/react-dom': '*'
      react: ^16.8 || ^17.0 || ^18.0 || ^19.0 || ^19.0.0-rc
      react-dom: ^16.8 || ^17.0 || ^18.0 || ^19.0 || ^19.0.0-rc
    peerDependenciesMeta:
      '@types/react':
        optional: true
      '@types/react-dom':
        optional: true

  '@radix-ui/react-toast@1.2.17':
    resolution: {integrity: sha512-uL4kyyWy000pPL43fGGCV5qT6ZchCWEQZOSlkYiPwPt8Hy1iW38RjeptIvz1/SZesrW6Vn58Ct3sV7tfEfiAbw==}
    peerDependencies:
      '@types/react': '*'
      '@types/react-dom': '*'
      react: ^16.8 || ^17.0 || ^18.0 || ^19.0 || ^19.0.0-rc
      react-dom: ^16.8 || ^17.0 || ^18.0 || ^19.0 || ^19.0.0-rc
    peerDependenciesMeta:
      '@types/react':
        optional: true
      '@types/react-dom':
        optional: true

  '@radix-ui/react-use-callback-ref@1.1.2':
    resolution: {integrity: sha512-xCso9j1/u8sEgP1RNHjFrXJLApL8LiqOkI1R4ywuN00rxWdYg4oQXuwKLS3i0j5NWLromUD27/4nlxj2UFVvIw==}
    peerDependencies:
      '@types/react': '*'
      react: ^16.8 || ^17.0 || ^18.0 || ^19.0 || ^19.0.0-rc
    peerDependenciesMeta:
      '@types/react':
        optional: true

  '@radix-ui/react-use-controllable-state@1.2.3':
    resolution: {integrity: sha512-PLzC90MS+ReootmjC597dvopoelpZ8Q61HJkDXZSExitIq7PL55vHNnesAHwguHK0aPfBnpdNzQtv1uliaqQrA==}
    peerDependencies:
      '@types/react': '*'
      react: ^16.8 || ^17.0 || ^18.0 || ^19.0 || ^19.0.0-rc
    peerDependenciesMeta:
      '@types/react':
        optional: true

  '@radix-ui/react-use-effect-event@0.0.3':
    resolution: {integrity: sha512-6c8ZqvPTWILEKnyVkP53EGRCcpnJiKTC21sS/6R1GF5xKyHJJWQEPfkqlcgUkdRQivd6tb23abUwe4ngWmY0JA==}
    peerDependencies:
      '@types/react': '*'
      react: ^16.8 || ^17.0 || ^18.0 || ^19.0 || ^19.0.0-rc
    peerDependenciesMeta:
      '@types/react':
        optional: true

  '@radix-ui/react-use-escape-keydown@1.1.2':
    resolution: {integrity: sha512-2uVLvLjgO7NZCWw01/FdqRwmA42J0BcjPMUCA+koFEOAb+zjqIP7SiFz/7zWPrKnVmSqr76Omq2ALyCuX4dhLw==}
    peerDependencies:
      '@types/react': '*'
      react: ^16.8 || ^17.0 || ^18.0 || ^19.0 || ^19.0.0-rc
    peerDependenciesMeta:
      '@types/react':
        optional: true

  '@radix-ui/react-use-layout-effect@1.1.2':
    resolution: {integrity: sha512-jrBWOxZITuGcnjRCM2t2U5ZPkCLxD+Ym6DjfssS5haTj2iiak/DOb64JeN6OdLfLgptb6/e2kKR+ZuTrGoZTPA==}
    peerDependencies:
      '@types/react': '*'
      react: ^16.8 || ^17.0 || ^18.0 || ^19.0 || ^19.0.0-rc
    peerDependenciesMeta:
      '@types/react':
        optional: true

  '@radix-ui/react-use-previous@1.1.2':
    resolution: {integrity: sha512-IGBQPtRFdhN6MQ8dbegVmBq1LVZluya3F1jWY+puIcQC3MHctRwTDSBWCkL/3ZcnMJLTMJ++Z+ktmvg0F89iCw==}
    peerDependencies:
      '@types/react': '*'
      react: ^16.8 || ^17.0 || ^18.0 || ^19.0 || ^19.0.0-rc
    peerDependenciesMeta:
      '@types/react':
        optional: true

  '@radix-ui/react-use-rect@1.1.2':
    resolution: {integrity: sha512-d8a+bBY/FxikNPlgJJoaBHZX+zKVbWHYJGTLnLvveQgFSTntkGdEKv3JDtHrMS0DNYpllz2nRsTLGLKYttbpmw==}
    peerDependencies:
      '@types/react': '*'
      react: ^16.8 || ^17.0 || ^18.0 || ^19.0 || ^19.0.0-rc
    peerDependenciesMeta:
      '@types/react':
        optional: true

  '@radix-ui/react-use-size@1.1.2':
    resolution: {integrity: sha512-giWQp+4mxjBPt4KZ0MmyuykFNWfbDxKt4x+fPkRYmgRFJSbCZFzUglvMb/Kjn38tm10YP4ufiQZDx3zna4LU6w==}
    peerDependencies:
      '@types/react': '*'
      react: ^16.8 || ^17.0 || ^18.0 || ^19.0 || ^19.0.0-rc
    peerDependenciesMeta:
      '@types/react':
        optional: true

  '@radix-ui/react-visually-hidden@1.2.6':
    resolution: {integrity: sha512-jCE0WljWifTI4niIMCll06kGpsJTAPiZVU9H4WR1N6qW7At9ystHbN7dDB+we2xH535roFHj7qKS+RGj0FMDWQ==}
    peerDependencies:
      '@types/react': '*'
      '@types/react-dom': '*'
      react: ^16.8 || ^17.0 || ^18.0 || ^19.0 || ^19.0.0-rc
      react-dom: ^16.8 || ^17.0 || ^18.0 || ^19.0 || ^19.0.0-rc
    peerDependenciesMeta:
      '@types/react':
        optional: true
      '@types/react-dom':
        optional: true

  '@radix-ui/rect@1.1.2':
    resolution: {integrity: sha512-xnXE7wG13PI+cxieVssYXlQJuYVRhH9NBoxt3KNwzghDIA69GMm7d4wXRouHIYjE+KvS6U/MsMO73NdS2MH9ZA==}

  aria-hidden@1.2.6:
    resolution: {integrity: sha512-ik3ZgC9dY/lYVVM++OISsaYDeg1tb0VtP5uL3ouh1koGOaUMDPpbFIei4JkFimWUFPn90sbMNMXQAIVOlnYKJA==}
    engines: {node: '>=10'}

  class-variance-authority@0.7.1:
    resolution: {integrity: sha512-Ka+9Trutv7G8M6WT6SeiRWz792K5qEqIGEGzXKhAE6xOWAY6pPH8U+9IY3oCMv6kqTmLsv7Xh/2w2RigkePMsg==}

  clsx@2.1.1:
    resolution: {integrity: sha512-eYm0QWBtUrBWZWG0d386OGAw16Z995PiOVo2B7bjWSbHedGl5e0ZWaq65kOGgUSNesEIDkB9ISbTg/JK9dhCZA==}
    engines: {node: '>=6'}

  detect-node-es@1.1.0:
    resolution: {integrity: sha512-ypdmJU/TbBby2Dxibuv7ZLW3Bs1QEmM7nHjEANfohJLvE0XVujisn1qPJcZxg+qDucsr+bP6fLD1rPS3AhJ7EQ==}

  get-nonce@1.0.1:
    resolution: {integrity: sha512-FJhYRoDaiatfEkUK8HKlicmu/3SGFD51q3itKDGoSTysQJBnfOcxU5GxnhE1E6soB76MbT0MBtnKJuXyAx+96Q==}
    engines: {node: '>=6'}

  lucide-react@1.20.0:
    resolution: {integrity: sha512-jhXLeC/7m0/tjL1nzMdKk6x256zWA6AtbhTVreHOiKPoeX2d6MK4FbyIQPpVq0E6iPWBisyy1TW+pEge/uMEuQ==}
    peerDependencies:
      react: ^16.5.1 || ^17.0.0 || ^18.0.0 || ^19.0.0

  react-dom@19.2.7:
    resolution: {integrity: sha512-t0BRVXvbiE/o20Hfw669rLbMCDWtYZLvmJigy2f0MxsXF+71pxhR3xOkspmsO8h3ZlNzyibAmtCa3l4lYKk6gQ==}
    peerDependencies:
      react: ^19.2.7

  react-remove-scroll-bar@2.3.8:
    resolution: {integrity: sha512-9r+yi9+mgU33AKcj6IbT9oRCO78WriSj6t/cF8DWBZJ9aOGPOTEDvdUDz1FwKim7QXWwmHqtdHnRJfhAxEG46Q==}
    engines: {node: '>=10'}
    peerDependencies:
      '@types/react': '*'
      react: ^16.8.0 || ^17.0.0 || ^18.0.0 || ^19.0.0
    peerDependenciesMeta:
      '@types/react':
        optional: true

  react-remove-scroll@2.7.2:
    resolution: {integrity: sha512-Iqb9NjCCTt6Hf+vOdNIZGdTiH1QSqr27H/Ek9sv/a97gfueI/5h1s3yRi1nngzMUaOOToin5dI1dXKdXiF+u0Q==}
    engines: {node: '>=10'}
    peerDependencies:
      '@types/react': '*'
      react: ^16.8.0 || ^17.0.0 || ^18.0.0 || ^19.0.0 || ^19.0.0-rc
    peerDependenciesMeta:
      '@types/react':
        optional: true

  react-style-singleton@2.2.3:
    resolution: {integrity: sha512-b6jSvxvVnyptAiLjbkWLE/lOnR4lfTtDAl+eUC7RZy+QQWc6wRzIV2CE6xBuMmDxc2qIihtDCZD5NPOFl7fRBQ==}
    engines: {node: '>=10'}
    peerDependencies:
      '@types/react': '*'
      react: ^16.8.0 || ^17.0.0 || ^18.0.0 || ^19.0.0 || ^19.0.0-rc
    peerDependenciesMeta:
      '@types/react':
        optional: true

  react@19.2.7:
    resolution: {integrity: sha512-HNe9WslTbXmFK8o8cmwgAeJFSBvt1bPdHCVKtaaV+WlAN36mpT4hcRpwbf3fY56ar2oIXzsBpOAiIRHAdY0OlQ==}
    engines: {node: '>=0.10.0'}

  scheduler@0.27.0:
    resolution: {integrity: sha512-eNv+WrVbKu1f3vbYJT/xtiF5syA5HPIMtf9IgY/nKg0sWqzAUEvqY/xm7OcZc/qafLx/iO9FgOmeSAp4v5ti/Q==}

  tailwind-merge@3.6.0:
    resolution: {integrity: sha512-uxL7qAVQriqRQPAyK3pj66VqskWqoZ37PW94jwOTwNfq/z9oyu1V+eqrZqtR2+fCiXdYOZe/Modt8GtvqNzu+w==}

  tslib@2.8.1:
    resolution: {integrity: sha512-oJFu94HQb+KVduSUQL7wnpmqnfmLsOA/nAh6b6EH0wCEoK0/mPeXU6c3wKDV83MkOuHPRHtSXKKU99IBazS/2w==}

  use-callback-ref@1.3.3:
    resolution: {integrity: sha512-jQL3lRnocaFtu3V00JToYz/4QkNWswxijDaCVNZRiRTO3HQDLsdu1ZtmIUvV4yPp+rvWm5j0y0TG/S61cuijTg==}
    engines: {node: '>=10'}
    peerDependencies:
      '@types/react': '*'
      react: ^16.8.0 || ^17.0.0 || ^18.0.0 || ^19.0.0 || ^19.0.0-rc
    peerDependenciesMeta:
      '@types/react':
        optional: true

  use-sidecar@1.1.3:
    resolution: {integrity: sha512-Fedw0aZvkhynoPYlA5WXrMCAMm+nSWdZt6lzJQ7Ok8S6Q+VsHmHpRWndVRJ8Be0ZbkfPc5LRYH+5XrzXcEeLRQ==}
    engines: {node: '>=10'}
    peerDependencies:
      '@types/react': '*'
      react: ^16.8.0 || ^17.0.0 || ^18.0.0 || ^19.0.0 || ^19.0.0-rc
    peerDependenciesMeta:
      '@types/react':
        optional: true

snapshots:

  '@floating-ui/core@1.7.5':
    dependencies:
      '@floating-ui/utils': 0.2.11

  '@floating-ui/dom@1.7.6':
    dependencies:
      '@floating-ui/core': 1.7.5
      '@floating-ui/utils': 0.2.11

  '@floating-ui/react-dom@2.1.8(react-dom@19.2.7(react@19.2.7))(react@19.2.7)':
    dependencies:
      '@floating-ui/dom': 1.7.6
      react: 19.2.7
      react-dom: 19.2.7(react@19.2.7)

  '@floating-ui/utils@0.2.11': {}

  '@radix-ui/number@1.1.2': {}

  '@radix-ui/primitive@1.1.4': {}

  '@radix-ui/react-arrow@1.1.10(react-dom@19.2.7(react@19.2.7))(react@19.2.7)':
    dependencies:
      '@radix-ui/react-primitive': 2.1.6(react-dom@19.2.7(react@19.2.7))(react@19.2.7)
      react: 19.2.7
      react-dom: 19.2.7(react@19.2.7)

  '@radix-ui/react-collapsible@1.1.14(react-dom@19.2.7(react@19.2.7))(react@19.2.7)':
    dependencies:
      '@radix-ui/primitive': 1.1.4
      '@radix-ui/react-compose-refs': 1.1.3(react@19.2.7)
      '@radix-ui/react-context': 1.1.4(react@19.2.7)
      '@radix-ui/react-id': 1.1.2(react@19.2.7)
      '@radix-ui/react-presence': 1.1.6(react-dom@19.2.7(react@19.2.7))(react@19.2.7)
      '@radix-ui/react-primitive': 2.1.6(react-dom@19.2.7(react@19.2.7))(react@19.2.7)
      '@radix-ui/react-use-controllable-state': 1.2.3(react@19.2.7)
      '@radix-ui/react-use-layout-effect': 1.1.2(react@19.2.7)
      react: 19.2.7
      react-dom: 19.2.7(react@19.2.7)

  '@radix-ui/react-collection@1.1.10(react-dom@19.2.7(react@19.2.7))(react@19.2.7)':
    dependencies:
      '@radix-ui/react-compose-refs': 1.1.3(react@19.2.7)
      '@radix-ui/react-context': 1.1.4(react@19.2.7)
      '@radix-ui/react-primitive': 2.1.6(react-dom@19.2.7(react@19.2.7))(react@19.2.7)
      '@radix-ui/react-slot': 1.3.0(react@19.2.7)
      react: 19.2.7
      react-dom: 19.2.7(react@19.2.7)

  '@radix-ui/react-compose-refs@1.1.3(react@19.2.7)':
    dependencies:
      react: 19.2.7

  '@radix-ui/react-context@1.1.4(react@19.2.7)':
    dependencies:
      react: 19.2.7

  '@radix-ui/react-dialog@1.1.17(react-dom@19.2.7(react@19.2.7))(react@19.2.7)':
    dependencies:
      '@radix-ui/primitive': 1.1.4
      '@radix-ui/react-compose-refs': 1.1.3(react@19.2.7)
      '@radix-ui/react-context': 1.1.4(react@19.2.7)
      '@radix-ui/react-dismissable-layer': 1.1.13(react-dom@19.2.7(react@19.2.7))(react@19.2.7)
      '@radix-ui/react-focus-guards': 1.1.4(react@19.2.7)
      '@radix-ui/react-focus-scope': 1.1.10(react-dom@19.2.7(react@19.2.7))(react@19.2.7)
      '@radix-ui/react-id': 1.1.2(react@19.2.7)
      '@radix-ui/react-portal': 1.1.12(react-dom@19.2.7(react@19.2.7))(react@19.2.7)
      '@radix-ui/react-presence': 1.1.6(react-dom@19.2.7(react@19.2.7))(react@19.2.7)
      '@radix-ui/react-primitive': 2.1.6(react-dom@19.2.7(react@19.2.7))(react@19.2.7)
      '@radix-ui/react-slot': 1.3.0(react@19.2.7)
      '@radix-ui/react-use-controllable-state': 1.2.3(react@19.2.7)
      aria-hidden: 1.2.6
      react: 19.2.7
      react-dom: 19.2.7(react@19.2.7)
      react-remove-scroll: 2.7.2(react@19.2.7)

  '@radix-ui/react-direction@1.1.2(react@19.2.7)':
    dependencies:
      react: 19.2.7

  '@radix-ui/react-dismissable-layer@1.1.13(react-dom@19.2.7(react@19.2.7))(react@19.2.7)':
    dependencies:
      '@radix-ui/primitive': 1.1.4
      '@radix-ui/react-compose-refs': 1.1.3(react@19.2.7)
      '@radix-ui/react-primitive': 2.1.6(react-dom@19.2.7(react@19.2.7))(react@19.2.7)
      '@radix-ui/react-use-callback-ref': 1.1.2(react@19.2.7)
      '@radix-ui/react-use-escape-keydown': 1.1.2(react@19.2.7)
      react: 19.2.7
      react-dom: 19.2.7(react@19.2.7)

  '@radix-ui/react-dropdown-menu@2.1.18(react-dom@19.2.7(react@19.2.7))(react@19.2.7)':
    dependencies:
      '@radix-ui/primitive': 1.1.4
      '@radix-ui/react-compose-refs': 1.1.3(react@19.2.7)
      '@radix-ui/react-context': 1.1.4(react@19.2.7)
      '@radix-ui/react-id': 1.1.2(react@19.2.7)
      '@radix-ui/react-menu': 2.1.18(react-dom@19.2.7(react@19.2.7))(react@19.2.7)
      '@radix-ui/react-primitive': 2.1.6(react-dom@19.2.7(react@19.2.7))(react@19.2.7)
      '@radix-ui/react-use-controllable-state': 1.2.3(react@19.2.7)
      react: 19.2.7
      react-dom: 19.2.7(react@19.2.7)

  '@radix-ui/react-focus-guards@1.1.4(react@19.2.7)':
    dependencies:
      react: 19.2.7

  '@radix-ui/react-focus-scope@1.1.10(react-dom@19.2.7(react@19.2.7))(react@19.2.7)':
    dependencies:
      '@radix-ui/react-compose-refs': 1.1.3(react@19.2.7)
      '@radix-ui/react-primitive': 2.1.6(react-dom@19.2.7(react@19.2.7))(react@19.2.7)
      '@radix-ui/react-use-callback-ref': 1.1.2(react@19.2.7)
      react: 19.2.7
      react-dom: 19.2.7(react@19.2.7)

  '@radix-ui/react-id@1.1.2(react@19.2.7)':
    dependencies:
      '@radix-ui/react-use-layout-effect': 1.1.2(react@19.2.7)
      react: 19.2.7

  '@radix-ui/react-label@2.1.10(react-dom@19.2.7(react@19.2.7))(react@19.2.7)':
    dependencies:
      '@radix-ui/react-primitive': 2.1.6(react-dom@19.2.7(react@19.2.7))(react@19.2.7)
      react: 19.2.7
      react-dom: 19.2.7(react@19.2.7)

  '@radix-ui/react-menu@2.1.18(react-dom@19.2.7(react@19.2.7))(react@19.2.7)':
    dependencies:
      '@radix-ui/primitive': 1.1.4
      '@radix-ui/react-collection': 1.1.10(react-dom@19.2.7(react@19.2.7))(react@19.2.7)
      '@radix-ui/react-compose-refs': 1.1.3(react@19.2.7)
      '@radix-ui/react-context': 1.1.4(react@19.2.7)
      '@radix-ui/react-direction': 1.1.2(react@19.2.7)
      '@radix-ui/react-dismissable-layer': 1.1.13(react-dom@19.2.7(react@19.2.7))(react@19.2.7)
      '@radix-ui/react-focus-guards': 1.1.4(react@19.2.7)
      '@radix-ui/react-focus-scope': 1.1.10(react-dom@19.2.7(react@19.2.7))(react@19.2.7)
      '@radix-ui/react-id': 1.1.2(react@19.2.7)
      '@radix-ui/react-popper': 1.3.1(react-dom@19.2.7(react@19.2.7))(react@19.2.7)
      '@radix-ui/react-portal': 1.1.12(react-dom@19.2.7(react@19.2.7))(react@19.2.7)
      '@radix-ui/react-presence': 1.1.6(react-dom@19.2.7(react@19.2.7))(react@19.2.7)
      '@radix-ui/react-primitive': 2.1.6(react-dom@19.2.7(react@19.2.7))(react@19.2.7)
      '@radix-ui/react-roving-focus': 1.1.13(react-dom@19.2.7(react@19.2.7))(react@19.2.7)
      '@radix-ui/react-slot': 1.3.0(react@19.2.7)
      '@radix-ui/react-use-callback-ref': 1.1.2(react@19.2.7)
      aria-hidden: 1.2.6
      react: 19.2.7
      react-dom: 19.2.7(react@19.2.7)
      react-remove-scroll: 2.7.2(react@19.2.7)

  '@radix-ui/react-popover@1.1.17(react-dom@19.2.7(react@19.2.7))(react@19.2.7)':
    dependencies:
      '@radix-ui/primitive': 1.1.4
      '@radix-ui/react-compose-refs': 1.1.3(react@19.2.7)
      '@radix-ui/react-context': 1.1.4(react@19.2.7)
      '@radix-ui/react-dismissable-layer': 1.1.13(react-dom@19.2.7(react@19.2.7))(react@19.2.7)
      '@radix-ui/react-focus-guards': 1.1.4(react@19.2.7)
      '@radix-ui/react-focus-scope': 1.1.10(react-dom@19.2.7(react@19.2.7))(react@19.2.7)
      '@radix-ui/react-id': 1.1.2(react@19.2.7)
      '@radix-ui/react-popper': 1.3.1(react-dom@19.2.7(react@19.2.7))(react@19.2.7)
      '@radix-ui/react-portal': 1.1.12(react-dom@19.2.7(react@19.2.7))(react@19.2.7)
      '@radix-ui/react-presence': 1.1.6(react-dom@19.2.7(react@19.2.7))(react@19.2.7)
      '@radix-ui/react-primitive': 2.1.6(react-dom@19.2.7(react@19.2.7))(react@19.2.7)
      '@radix-ui/react-slot': 1.3.0(react@19.2.7)
      '@radix-ui/react-use-controllable-state': 1.2.3(react@19.2.7)
      aria-hidden: 1.2.6
      react: 19.2.7
      react-dom: 19.2.7(react@19.2.7)
      react-remove-scroll: 2.7.2(react@19.2.7)

  '@radix-ui/react-popper@1.3.1(react-dom@19.2.7(react@19.2.7))(react@19.2.7)':
    dependencies:
      '@floating-ui/react-dom': 2.1.8(react-dom@19.2.7(react@19.2.7))(react@19.2.7)
      '@radix-ui/react-arrow': 1.1.10(react-dom@19.2.7(react@19.2.7))(react@19.2.7)
      '@radix-ui/react-compose-refs': 1.1.3(react@19.2.7)
      '@radix-ui/react-context': 1.1.4(react@19.2.7)
      '@radix-ui/react-primitive': 2.1.6(react-dom@19.2.7(react@19.2.7))(react@19.2.7)
      '@radix-ui/react-use-callback-ref': 1.1.2(react@19.2.7)
      '@radix-ui/react-use-layout-effect': 1.1.2(react@19.2.7)
      '@radix-ui/react-use-rect': 1.1.2(react@19.2.7)
      '@radix-ui/react-use-size': 1.1.2(react@19.2.7)
      '@radix-ui/rect': 1.1.2
      react: 19.2.7
      react-dom: 19.2.7(react@19.2.7)

  '@radix-ui/react-portal@1.1.12(react-dom@19.2.7(react@19.2.7))(react@19.2.7)':
    dependencies:
      '@radix-ui/react-primitive': 2.1.6(react-dom@19.2.7(react@19.2.7))(react@19.2.7)
      '@radix-ui/react-use-layout-effect': 1.1.2(react@19.2.7)
      react: 19.2.7
      react-dom: 19.2.7(react@19.2.7)

  '@radix-ui/react-presence@1.1.6(react-dom@19.2.7(react@19.2.7))(react@19.2.7)':
    dependencies:
      '@radix-ui/react-use-layout-effect': 1.1.2(react@19.2.7)
      react: 19.2.7
      react-dom: 19.2.7(react@19.2.7)

  '@radix-ui/react-primitive@2.1.6(react-dom@19.2.7(react@19.2.7))(react@19.2.7)':
    dependencies:
      '@radix-ui/react-slot': 1.3.0(react@19.2.7)
      react: 19.2.7
      react-dom: 19.2.7(react@19.2.7)

  '@radix-ui/react-roving-focus@1.1.13(react-dom@19.2.7(react@19.2.7))(react@19.2.7)':
    dependencies:
      '@radix-ui/primitive': 1.1.4
      '@radix-ui/react-collection': 1.1.10(react-dom@19.2.7(react@19.2.7))(react@19.2.7)
      '@radix-ui/react-compose-refs': 1.1.3(react@19.2.7)
      '@radix-ui/react-context': 1.1.4(react@19.2.7)
      '@radix-ui/react-direction': 1.1.2(react@19.2.7)
      '@radix-ui/react-id': 1.1.2(react@19.2.7)
      '@radix-ui/react-primitive': 2.1.6(react-dom@19.2.7(react@19.2.7))(react@19.2.7)
      '@radix-ui/react-use-callback-ref': 1.1.2(react@19.2.7)
      '@radix-ui/react-use-controllable-state': 1.2.3(react@19.2.7)
      react: 19.2.7
      react-dom: 19.2.7(react@19.2.7)

  '@radix-ui/react-scroll-area@1.2.12(react-dom@19.2.7(react@19.2.7))(react@19.2.7)':
    dependencies:
      '@radix-ui/number': 1.1.2
      '@radix-ui/primitive': 1.1.4
      '@radix-ui/react-compose-refs': 1.1.3(react@19.2.7)
      '@radix-ui/react-context': 1.1.4(react@19.2.7)
      '@radix-ui/react-direction': 1.1.2(react@19.2.7)
      '@radix-ui/react-presence': 1.1.6(react-dom@19.2.7(react@19.2.7))(react@19.2.7)
      '@radix-ui/react-primitive': 2.1.6(react-dom@19.2.7(react@19.2.7))(react@19.2.7)
      '@radix-ui/react-use-callback-ref': 1.1.2(react@19.2.7)
      '@radix-ui/react-use-layout-effect': 1.1.2(react@19.2.7)
      react: 19.2.7
      react-dom: 19.2.7(react@19.2.7)

  '@radix-ui/react-select@2.3.1(react-dom@19.2.7(react@19.2.7))(react@19.2.7)':
    dependencies:
      '@radix-ui/number': 1.1.2
      '@radix-ui/primitive': 1.1.4
      '@radix-ui/react-collection': 1.1.10(react-dom@19.2.7(react@19.2.7))(react@19.2.7)
      '@radix-ui/react-compose-refs': 1.1.3(react@19.2.7)
      '@radix-ui/react-context': 1.1.4(react@19.2.7)
      '@radix-ui/react-direction': 1.1.2(react@19.2.7)
      '@radix-ui/react-dismissable-layer': 1.1.13(react-dom@19.2.7(react@19.2.7))(react@19.2.7)
      '@radix-ui/react-focus-guards': 1.1.4(react@19.2.7)
      '@radix-ui/react-focus-scope': 1.1.10(react-dom@19.2.7(react@19.2.7))(react@19.2.7)
      '@radix-ui/react-id': 1.1.2(react@19.2.7)
      '@radix-ui/react-popper': 1.3.1(react-dom@19.2.7(react@19.2.7))(react@19.2.7)
      '@radix-ui/react-portal': 1.1.12(react-dom@19.2.7(react@19.2.7))(react@19.2.7)
      '@radix-ui/react-presence': 1.1.6(react-dom@19.2.7(react@19.2.7))(react@19.2.7)
      '@radix-ui/react-primitive': 2.1.6(react-dom@19.2.7(react@19.2.7))(react@19.2.7)
      '@radix-ui/react-slot': 1.3.0(react@19.2.7)
      '@radix-ui/react-use-callback-ref': 1.1.2(react@19.2.7)
      '@radix-ui/react-use-controllable-state': 1.2.3(react@19.2.7)
      '@radix-ui/react-use-layout-effect': 1.1.2(react@19.2.7)
      '@radix-ui/react-use-previous': 1.1.2(react@19.2.7)
      '@radix-ui/react-visually-hidden': 1.2.6(react-dom@19.2.7(react@19.2.7))(react@19.2.7)
      aria-hidden: 1.2.6
      react: 19.2.7
      react-dom: 19.2.7(react@19.2.7)
      react-remove-scroll: 2.7.2(react@19.2.7)

  '@radix-ui/react-separator@1.1.10(react-dom@19.2.7(react@19.2.7))(react@19.2.7)':
    dependencies:
      '@radix-ui/react-primitive': 2.1.6(react-dom@19.2.7(react@19.2.7))(react@19.2.7)
      react: 19.2.7
      react-dom: 19.2.7(react@19.2.7)

  '@radix-ui/react-slot@1.3.0(react@19.2.7)':
    dependencies:
      '@radix-ui/react-compose-refs': 1.1.3(react@19.2.7)
      react: 19.2.7

  '@radix-ui/react-switch@1.3.1(react-dom@19.2.7(react@19.2.7))(react@19.2.7)':
    dependencies:
      '@radix-ui/primitive': 1.1.4
      '@radix-ui/react-compose-refs': 1.1.3(react@19.2.7)
      '@radix-ui/react-context': 1.1.4(react@19.2.7)
      '@radix-ui/react-primitive': 2.1.6(react-dom@19.2.7(react@19.2.7))(react@19.2.7)
      '@radix-ui/react-use-controllable-state': 1.2.3(react@19.2.7)
      '@radix-ui/react-use-previous': 1.1.2(react@19.2.7)
      '@radix-ui/react-use-size': 1.1.2(react@19.2.7)
      react: 19.2.7
      react-dom: 19.2.7(react@19.2.7)

  '@radix-ui/react-tabs@1.1.15(react-dom@19.2.7(react@19.2.7))(react@19.2.7)':
    dependencies:
      '@radix-ui/primitive': 1.1.4
      '@radix-ui/react-context': 1.1.4(react@19.2.7)
      '@radix-ui/react-direction': 1.1.2(react@19.2.7)
      '@radix-ui/react-id': 1.1.2(react@19.2.7)
      '@radix-ui/react-presence': 1.1.6(react-dom@19.2.7(react@19.2.7))(react@19.2.7)
      '@radix-ui/react-primitive': 2.1.6(react-dom@19.2.7(react@19.2.7))(react@19.2.7)
      '@radix-ui/react-roving-focus': 1.1.13(react-dom@19.2.7(react@19.2.7))(react@19.2.7)
      '@radix-ui/react-use-controllable-state': 1.2.3(react@19.2.7)
      react: 19.2.7
      react-dom: 19.2.7(react@19.2.7)

  '@radix-ui/react-toast@1.2.17(react-dom@19.2.7(react@19.2.7))(react@19.2.7)':
    dependencies:
      '@radix-ui/primitive': 1.1.4
      '@radix-ui/react-collection': 1.1.10(react-dom@19.2.7(react@19.2.7))(react@19.2.7)
      '@radix-ui/react-compose-refs': 1.1.3(react@19.2.7)
      '@radix-ui/react-context': 1.1.4(react@19.2.7)
      '@radix-ui/react-dismissable-layer': 1.1.13(react-dom@19.2.7(react@19.2.7))(react@19.2.7)
      '@radix-ui/react-portal': 1.1.12(react-dom@19.2.7(react@19.2.7))(react@19.2.7)
      '@radix-ui/react-presence': 1.1.6(react-dom@19.2.7(react@19.2.7))(react@19.2.7)
      '@radix-ui/react-primitive': 2.1.6(react-dom@19.2.7(react@19.2.7))(react@19.2.7)
      '@radix-ui/react-use-callback-ref': 1.1.2(react@19.2.7)
      '@radix-ui/react-use-controllable-state': 1.2.3(react@19.2.7)
      '@radix-ui/react-use-layout-effect': 1.1.2(react@19.2.7)
      '@radix-ui/react-visually-hidden': 1.2.6(react-dom@19.2.7(react@19.2.7))(react@19.2.7)
      react: 19.2.7
      react-dom: 19.2.7(react@19.2.7)

  '@radix-ui/react-use-callback-ref@1.1.2(react@19.2.7)':
    dependencies:
      react: 19.2.7

  '@radix-ui/react-use-controllable-state@1.2.3(react@19.2.7)':
    dependencies:
      '@radix-ui/react-use-effect-event': 0.0.3(react@19.2.7)
      '@radix-ui/react-use-layout-effect': 1.1.2(react@19.2.7)
      react: 19.2.7

  '@radix-ui/react-use-effect-event@0.0.3(react@19.2.7)':
    dependencies:
      '@radix-ui/react-use-layout-effect': 1.1.2(react@19.2.7)
      react: 19.2.7

  '@radix-ui/react-use-escape-keydown@1.1.2(react@19.2.7)':
    dependencies:
      '@radix-ui/react-use-callback-ref': 1.1.2(react@19.2.7)
      react: 19.2.7

  '@radix-ui/react-use-layout-effect@1.1.2(react@19.2.7)':
    dependencies:
      react: 19.2.7

  '@radix-ui/react-use-previous@1.1.2(react@19.2.7)':
    dependencies:
      react: 19.2.7

  '@radix-ui/react-use-rect@1.1.2(react@19.2.7)':
    dependencies:
      '@radix-ui/rect': 1.1.2
      react: 19.2.7

  '@radix-ui/react-use-size@1.1.2(react@19.2.7)':
    dependencies:
      '@radix-ui/react-use-layout-effect': 1.1.2(react@19.2.7)
      react: 19.2.7

  '@radix-ui/react-visually-hidden@1.2.6(react-dom@19.2.7(react@19.2.7))(react@19.2.7)':
    dependencies:
      '@radix-ui/react-primitive': 2.1.6(react-dom@19.2.7(react@19.2.7))(react@19.2.7)
      react: 19.2.7
      react-dom: 19.2.7(react@19.2.7)

  '@radix-ui/rect@1.1.2': {}

  aria-hidden@1.2.6:
    dependencies:
      tslib: 2.8.1

  class-variance-authority@0.7.1:
    dependencies:
      clsx: 2.1.1

  clsx@2.1.1: {}

  detect-node-es@1.1.0: {}

  get-nonce@1.0.1: {}

  lucide-react@1.20.0(react@19.2.7):
    dependencies:
      react: 19.2.7

  react-dom@19.2.7(react@19.2.7):
    dependencies:
      react: 19.2.7
      scheduler: 0.27.0

  react-remove-scroll-bar@2.3.8(react@19.2.7):
    dependencies:
      react: 19.2.7
      react-style-singleton: 2.2.3(react@19.2.7)
      tslib: 2.8.1

  react-remove-scroll@2.7.2(react@19.2.7):
    dependencies:
      react: 19.2.7
      react-remove-scroll-bar: 2.3.8(react@19.2.7)
      react-style-singleton: 2.2.3(react@19.2.7)
      tslib: 2.8.1
      use-callback-ref: 1.3.3(react@19.2.7)
      use-sidecar: 1.1.3(react@19.2.7)

  react-style-singleton@2.2.3(react@19.2.7):
    dependencies:
      get-nonce: 1.0.1
      react: 19.2.7
      tslib: 2.8.1

  react@19.2.7: {}

  scheduler@0.27.0: {}

  tailwind-merge@3.6.0: {}

  tslib@2.8.1: {}

  use-callback-ref@1.3.3(react@19.2.7):
    dependencies:
      react: 19.2.7
      tslib: 2.8.1

  use-sidecar@1.1.3(react@19.2.7):
    dependencies:
      detect-node-es: 1.1.0
      react: 19.2.7
      tslib: 2.8.1
